
Microsoft Visual Studio Solution File, Format Version 12.00
# Visual Studio Version 17
VisualStudioVersion = 17.5.002.0
MinimumVisualStudioVersion = 10.0.40219.1
Project("{9A19103F-16F7-4668-BE54-9A1E7A4F7556}") = "API", "API.csproj", "{6579401F-465B-4C1C-9B5A-C2C4D59580DE}"
EndProject
Global
	GlobalSection(SolutionConfigurationPlatforms) = preSolution
		Debug|Any CPU = Debug|Any CPU
		Release|Any CPU = Release|Any CPU
	EndGlobalSection
	GlobalSection(ProjectConfigurationPlatforms) = postSolution
		{6579401F-465B-4C1C-9B5A-C2C4D59580DE}.Debug|Any CPU.ActiveCfg = Debug|Any CPU
		{6579401F-465B-4C1C-9B5A-C2C4D59580DE}.Debug|Any CPU.Build.0 = Debug|Any CPU
		{6579401F-465B-4C1C-9B5A-C2C4D59580DE}.Release|Any CPU.ActiveCfg = Release|Any CPU
		{6579401F-465B-4C1C-9B5A-C2C4D59580DE}.Release|Any CPU.Build.0 = Release|Any CPU
	EndGlobalSection
	GlobalSection(SolutionProperties) = preSolution
		HideSolutionNode = FALSE
	EndGlobalSection
	GlobalSection(ExtensibilityGlobals) = postSolution
		SolutionGuid = {DDAC7B5F-DAFC-4137-A8CE-874A71ECB052}
	EndGlobalSection
EndGlobal
